
Microsoft Visual Studio Solution File, Format Version 12.00
# Visual Studio 14
VisualStudioVersion = 14.0.25420.1
MinimumVisualStudioVersion = 10.0.40219.1
Project("{FAE04EC0-301F-11D3-BF4B-00C04F79EFBC}") = "CityCheck.Droid", "CityCheck\CityCheck.Droid\CityCheck.Droid.csproj", "{346F4DB3-1B93-41FA-9673-BFB3B68F3884}"
EndProject
Project("{FAE04EC0-301F-11D3-BF4B-00C04F79EFBC}") = "CityCheck.iOS", "CityCheck\CityCheck.iOS\CityCheck.iOS.csproj", "{C367F7F0-A164-40EE-B498-E334B6FA12F5}"
EndProject
Project("{FAE04EC0-301F-11D3-BF4B-00C04F79EFBC}") = "CityCheck.WinPhone", "CityCheck\CityCheck.WinPhone\CityCheck.WinPhone.csproj", "{07AB44D9-8F18-4FFD-A9E7-25561ACC020A}"
EndProject
Project("{FAE04EC0-301F-11D3-BF4B-00C04F79EFBC}") = "CityCheck.UWP", "CityCheck\CityCheck.UWP\CityCheck.UWP.csproj", "{A4A2A9C8-33F8-409E-9CA8-A3AF3C4E1ECB}"
EndProject
Project("{FAE04EC0-301F-11D3-BF4B-00C04F79EFBC}") = "CityCheck.Windows", "CityCheck\CityCheck.Windows\CityCheck.Windows.csproj", "{18E8B50C-48F0-45A2-8DD3-BF281F96E32A}"
EndProject
Project("{FAE04EC0-301F-11D3-BF4B-00C04F79EFBC}") = "CityCheck", "CityCheck\CityCheck\CityCheck.csproj", "{5171D2EC-82ED-41AF-8909-2B14E22D24C0}"
EndProject
Global
	GlobalSection(SolutionConfigurationPlatforms) = preSolution
		Ad-Hoc|Any CPU = Ad-Hoc|Any CPU
		Ad-Hoc|ARM = Ad-Hoc|ARM
		Ad-Hoc|iPhone = Ad-Hoc|iPhone
		Ad-Hoc|iPhoneSimulator = Ad-Hoc|iPhoneSimulator
		Ad-Hoc|x64 = Ad-Hoc|x64
		Ad-Hoc|x86 = Ad-Hoc|x86
		AppStore|Any CPU = AppStore|Any CPU
		AppStore|ARM = AppStore|ARM
		AppStore|iPhone = AppStore|iPhone
		AppStore|iPhoneSimulator = AppStore|iPhoneSimulator
		AppStore|x64 = AppStore|x64
		AppStore|x86 = AppStore|x86
		Debug|Any CPU = Debug|Any CPU
		Debug|ARM = Debug|ARM
		Debug|iPhone = Debug|iPhone
		Debug|iPhoneSimulator = Debug|iPhoneSimulator
		Debug|x64 = Debug|x64
		Debug|x86 = Debug|x86
		Release|Any CPU = Release|Any CPU
		Release|ARM = Release|ARM
		Release|iPhone = Release|iPhone
		Release|iPhoneSimulator = Release|iPhoneSimulator
		Release|x64 = Release|x64
		Release|x86 = Release|x86
	EndGlobalSection
	GlobalSection(ProjectConfigurationPlatforms) = postSolution
		{346F4DB3-1B93-41FA-9673-BFB3B68F3884}.Ad-Hoc|Any CPU.ActiveCfg = Release|Any CPU
		{346F4DB3-1B93-41FA-9673-BFB3B68F3884}.Ad-Hoc|Any CPU.Build.0 = Release|Any CPU
		{346F4DB3-1B93-41FA-9673-BFB3B68F3884}.Ad-Hoc|Any CPU.Deploy.0 = Release|Any CPU
		{346F4DB3-1B93-41FA-9673-BFB3B68F3884}.Ad-Hoc|ARM.ActiveCfg = Release|Any CPU
		{346F4DB3-1B93-41FA-9673-BFB3B68F3884}.Ad-Hoc|ARM.Build.0 = Release|Any CPU
		{346F4DB3-1B93-41FA-9673-BFB3B68F3884}.Ad-Hoc|ARM.Deploy.0 = Release|Any CPU
		{346F4DB3-1B93-41FA-9673-BFB3B68F3884}.Ad-Hoc|iPhone.ActiveCfg = Release|Any CPU
		{346F4DB3-1B93-41FA-9673-BFB3B68F3884}.Ad-Hoc|iPhone.Build.0 = Release|Any CPU
		{346F4DB3-1B93-41FA-9673-BFB3B68F3884}.Ad-Hoc|iPhone.Deploy.0 = Release|Any CPU
		{346F4DB3-1B93-41FA-9673-BFB3B68F3884}.Ad-Hoc|iPhoneSimulator.ActiveCfg = Release|Any CPU
		{346F4DB3-1B93-41FA-9673-BFB3B68F3884}.Ad-Hoc|iPhoneSimulator.Build.0 = Release|Any CPU
		{346F4DB3-1B93-41FA-9673-BFB3B68F3884}.Ad-Hoc|iPhoneSimulator.Deploy.0 = Release|Any CPU
		{346F4DB3-1B93-41FA-9673-BFB3B68F3884}.Ad-Hoc|x64.ActiveCfg = Release|Any CPU
		{346F4DB3-1B93-41FA-9673-BFB3B68F3884}.Ad-Hoc|x64.Build.0 = Release|Any CPU
		{346F4DB3-1B93-41FA-9673-BFB3B68F3884}.Ad-Hoc|x64.Deploy.0 = Release|Any CPU
		{346F4DB3-1B93-41FA-9673-BFB3B68F3884}.Ad-Hoc|x86.ActiveCfg = Release|Any CPU
		{346F4DB3-1B93-41FA-9673-BFB3B68F3884}.Ad-Hoc|x86.Build.0 = Release|Any CPU
		{346F4DB3-1B93-41FA-9673-BFB3B68F3884}.Ad-Hoc|x86.Deploy.0 = Release|Any CPU
		{346F4DB3-1B93-41FA-9673-BFB3B68F3884}.AppStore|Any CPU.ActiveCfg = Release|Any CPU
		{346F4DB3-1B93-41FA-9673-BFB3B68F3884}.AppStore|Any CPU.Build.0 = Release|Any CPU
		{346F4DB3-1B93-41FA-9673-BFB3B68F3884}.AppStore|Any CPU.Deploy.0 = Release|Any CPU
		{346F4DB3-1B93-41FA-9673-BFB3B68F3884}.AppStore|ARM.ActiveCfg = Release|Any CPU
		{346F4DB3-1B93-41FA-9673-BFB3B68F3884}.AppStore|ARM.Build.0 = Release|Any CPU
		{346F4DB3-1B93-41FA-9673-BFB3B68F3884}.AppStore|ARM.Deploy.0 = Release|Any CPU
		{346F4DB3-1B93-41FA-9673-BFB3B68F3884}.AppStore|iPhone.ActiveCfg = Release|Any CPU
		{346F4DB3-1B93-41FA-9673-BFB3B68F3884}.AppStore|iPhone.Build.0 = Release|Any CPU
		{346F4DB3-1B93-41FA-9673-BFB3B68F3884}.AppStore|iPhone.Deploy.0 = Release|Any CPU
		{346F4DB3-1B93-41FA-9673-BFB3B68F3884}.AppStore|iPhoneSimulator.ActiveCfg = Release|Any CPU
		{346F4DB3-1B93-41FA-9673-BFB3B68F3884}.AppStore|iPhoneSimulator.Build.0 = Release|Any CPU
		{346F4DB3-1B93-41FA-9673-BFB3B68F3884}.AppStore|iPhoneSimulator.Deploy.0 = Release|Any CPU
		{346F4DB3-1B93-41FA-9673-BFB3B68F3884}.AppStore|x64.ActiveCfg = Release|Any CPU
		{346F4DB3-1B93-41FA-9673-BFB3B68F3884}.AppStore|x64.Build.0 = Release|Any CPU
		{346F4DB3-1B93-41FA-9673-BFB3B68F3884}.AppStore|x64.Deploy.0 = Release|Any CPU
		{346F4DB3-1B93-41FA-9673-BFB3B68F3884}.AppStore|x86.ActiveCfg = Release|Any CPU
		{346F4DB3-1B93-41FA-9673-BFB3B68F3884}.AppStore|x86.Build.0 = Release|Any CPU
		{346F4DB3-1B93-41FA-9673-BFB3B68F3884}.AppStore|x86.Deploy.0 = Release|Any CPU
		{346F4DB3-1B93-41FA-9673-BFB3B68F3884}.Debug|Any CPU.ActiveCfg = Debug|Any CPU
		{346F4DB3-1B93-41FA-9673-BFB3B68F3884}.Debug|Any CPU.Build.0 = Debug|Any CPU
		{346F4DB3-1B93-41FA-9673-BFB3B68F3884}.Debug|Any CPU.Deploy.0 = Debug|Any CPU
		{346F4DB3-1B93-41FA-9673-BFB3B68F3884}.Debug|ARM.ActiveCfg = Debug|Any CPU
		{346F4DB3-1B93-41FA-9673-BFB3B68F3884}.Debug|ARM.Build.0 = Debug|Any CPU
		{346F4DB3-1B93-41FA-9673-BFB3B68F3884}.Debug|ARM.Deploy.0 = Debug|Any CPU
		{346F4DB3-1B93-41FA-9673-BFB3B68F3884}.Debug|iPhone.ActiveCfg = Debug|Any CPU
		{346F4DB3-1B93-41FA-9673-BFB3B68F3884}.Debug|iPhone.Build.0 = Debug|Any CPU
		{346F4DB3-1B93-41FA-9673-BFB3B68F3884}.Debug|iPhone.Deploy.0 = Debug|Any CPU
		{346F4DB3-1B93-41FA-9673-BFB3B68F3884}.Debug|iPhoneSimulator.ActiveCfg = Debug|Any CPU
		{346F4DB3-1B93-41FA-9673-BFB3B68F3884}.Debug|iPhoneSimulator.Build.0 = Debug|Any CPU
		{346F4DB3-1B93-41FA-9673-BFB3B68F3884}.Debug|iPhoneSimulator.Deploy.0 = Debug|Any CPU
		{346F4DB3-1B93-41FA-9673-BFB3B68F3884}.Debug|x64.ActiveCfg = Debug|Any CPU
		{346F4DB3-1B93-41FA-9673-BFB3B68F3884}.Debug|x64.Build.0 = Debug|Any CPU
		{346F4DB3-1B93-41FA-9673-BFB3B68F3884}.Debug|x64.Deploy.0 = Debug|Any CPU
		{346F4DB3-1B93-41FA-9673-BFB3B68F3884}.Debug|x86.ActiveCfg = Debug|Any CPU
		{346F4DB3-1B93-41FA-9673-BFB3B68F3884}.Debug|x86.Build.0 = Debug|Any CPU
		{346F4DB3-1B93-41FA-9673-BFB3B68F3884}.Debug|x86.Deploy.0 = Debug|Any CPU
		{346F4DB3-1B93-41FA-9673-BFB3B68F3884}.Release|Any CPU.ActiveCfg = Release|Any CPU
		{346F4DB3-1B93-41FA-9673-BFB3B68F3884}.Release|Any CPU.Build.0 = Release|Any CPU
		{346F4DB3-1B93-41FA-9673-BFB3B68F3884}.Release|Any CPU.Deploy.0 = Release|Any CPU
		{346F4DB3-1B93-41FA-9673-BFB3B68F3884}.Release|ARM.ActiveCfg = Release|Any CPU
		{346F4DB3-1B93-41FA-9673-BFB3B68F3884}.Release|ARM.Build.0 = Release|Any CPU
		{346F4DB3-1B93-41FA-9673-BFB3B68F3884}.Release|ARM.Deploy.0 = Release|Any CPU
		{346F4DB3-1B93-41FA-9673-BFB3B68F3884}.Release|iPhone.ActiveCfg = Release|Any CPU
		{346F4DB3-1B93-41FA-9673-BFB3B68F3884}.Release|iPhone.Build.0 = Release|Any CPU
		{346F4DB3-1B93-41FA-9673-BFB3B68F3884}.Release|iPhone.Deploy.0 = Release|Any CPU
		{346F4DB3-1B93-41FA-9673-BFB3B68F3884}.Release|iPhoneSimulator.ActiveCfg = Release|Any CPU
		{346F4DB3-1B93-41FA-9673-BFB3B68F3884}.Release|iPhoneSimulator.Build.0 = Release|Any CPU
		{346F4DB3-1B93-41FA-9673-BFB3B68F3884}.Release|iPhoneSimulator.Deploy.0 = Release|Any CPU
		{346F4DB3-1B93-41FA-9673-BFB3B68F3884}.Release|x64.ActiveCfg = Release|Any CPU
		{346F4DB3-1B93-41FA-9673-BFB3B68F3884}.Release|x64.Build.0 = Release|Any CPU
		{346F4DB3-1B93-41FA-9673-BFB3B68F3884}.Release|x64.Deploy.0 = Release|Any CPU
		{346F4DB3-1B93-41FA-9673-BFB3B68F3884}.Release|x86.ActiveCfg = Release|Any CPU
		{346F4DB3-1B93-41FA-9673-BFB3B68F3884}.Release|x86.Build.0 = Release|Any CPU
		{346F4DB3-1B93-41FA-9673-BFB3B68F3884}.Release|x86.Deploy.0 = Release|Any CPU
		{C367F7F0-A164-40EE-B498-E334B6FA12F5}.Ad-Hoc|Any CPU.ActiveCfg = Ad-Hoc|iPhone
		{C367F7F0-A164-40EE-B498-E334B6FA12F5}.Ad-Hoc|ARM.ActiveCfg = Ad-Hoc|iPhone
		{C367F7F0-A164-40EE-B498-E334B6FA12F5}.Ad-Hoc|iPhone.ActiveCfg = Ad-Hoc|iPhone
		{C367F7F0-A164-40EE-B498-E334B6FA12F5}.Ad-Hoc|iPhone.Build.0 = Ad-Hoc|iPhone
		{C367F7F0-A164-40EE-B498-E334B6FA12F5}.Ad-Hoc|iPhoneSimulator.ActiveCfg = Ad-Hoc|iPhoneSimulator
		{C367F7F0-A164-40EE-B498-E334B6FA12F5}.Ad-Hoc|iPhoneSimulator.Build.0 = Ad-Hoc|iPhoneSimulator
		{C367F7F0-A164-40EE-B498-E334B6FA12F5}.Ad-Hoc|x64.ActiveCfg = Ad-Hoc|iPhone
		{C367F7F0-A164-40EE-B498-E334B6FA12F5}.Ad-Hoc|x86.ActiveCfg = Ad-Hoc|iPhone
		{C367F7F0-A164-40EE-B498-E334B6FA12F5}.AppStore|Any CPU.ActiveCfg = AppStore|iPhone
		{C367F7F0-A164-40EE-B498-E334B6FA12F5}.AppStore|ARM.ActiveCfg = AppStore|iPhone
		{C367F7F0-A164-40EE-B498-E334B6FA12F5}.AppStore|iPhone.ActiveCfg = AppStore|iPhone
		{C367F7F0-A164-40EE-B498-E334B6FA12F5}.AppStore|iPhone.Build.0 = AppStore|iPhone
		{C367F7F0-A164-40EE-B498-E334B6FA12F5}.AppStore|iPhoneSimulator.ActiveCfg = AppStore|iPhoneSimulator
		{C367F7F0-A164-40EE-B498-E334B6FA12F5}.AppStore|iPhoneSimulator.Build.0 = AppStore|iPhoneSimulator
		{C367F7F0-A164-40EE-B498-E334B6FA12F5}.AppStore|x64.ActiveCfg = AppStore|iPhone
		{C367F7F0-A164-40EE-B498-E334B6FA12F5}.AppStore|x86.ActiveCfg = AppStore|iPhone
		{C367F7F0-A164-40EE-B498-E334B6FA12F5}.Debug|Any CPU.ActiveCfg = Debug|iPhone
		{C367F7F0-A164-40EE-B498-E334B6FA12F5}.Debug|ARM.ActiveCfg = Debug|iPhone
		{C367F7F0-A164-40EE-B498-E334B6FA12F5}.Debug|iPhone.ActiveCfg = Debug|iPhone
		{C367F7F0-A164-40EE-B498-E334B6FA12F5}.Debug|iPhone.Build.0 = Debug|iPhone
		{C367F7F0-A164-40EE-B498-E334B6FA12F5}.Debug|iPhoneSimulator.ActiveCfg = Debug|iPhoneSimulator
		{C367F7F0-A164-40EE-B498-E334B6FA12F5}.Debug|iPhoneSimulator.Build.0 = Debug|iPhoneSimulator
		{C367F7F0-A164-40EE-B498-E334B6FA12F5}.Debug|x64.ActiveCfg = Debug|iPhone
		{C367F7F0-A164-40EE-B498-E334B6FA12F5}.Debug|x86.ActiveCfg = Debug|iPhone
		{C367F7F0-A164-40EE-B498-E334B6FA12F5}.Release|Any CPU.ActiveCfg = Release|iPhone
		{C367F7F0-A164-40EE-B498-E334B6FA12F5}.Release|ARM.ActiveCfg = Release|iPhone
		{C367F7F0-A164-40EE-B498-E334B6FA12F5}.Release|iPhone.ActiveCfg = Release|iPhone
		{C367F7F0-A164-40EE-B498-E334B6FA12F5}.Release|iPhone.Build.0 = Release|iPhone
		{C367F7F0-A164-40EE-B498-E334B6FA12F5}.Release|iPhoneSimulator.ActiveCfg = Release|iPhoneSimulator
		{C367F7F0-A164-40EE-B498-E334B6FA12F5}.Release|iPhoneSimulator.Build.0 = Release|iPhoneSimulator
		{C367F7F0-A164-40EE-B498-E334B6FA12F5}.Release|x64.ActiveCfg = Release|iPhone
		{C367F7F0-A164-40EE-B498-E334B6FA12F5}.Release|x86.ActiveCfg = Release|iPhone
		{07AB44D9-8F18-4FFD-A9E7-25561ACC020A}.Ad-Hoc|Any CPU.ActiveCfg = Release|Any CPU
		{07AB44D9-8F18-4FFD-A9E7-25561ACC020A}.Ad-Hoc|Any CPU.Build.0 = Release|Any CPU
		{07AB44D9-8F18-4FFD-A9E7-25561ACC020A}.Ad-Hoc|Any CPU.Deploy.0 = Release|Any CPU
		{07AB44D9-8F18-4FFD-A9E7-25561ACC020A}.Ad-Hoc|ARM.ActiveCfg = Release|ARM
		{07AB44D9-8F18-4FFD-A9E7-25561ACC020A}.Ad-Hoc|ARM.Build.0 = Release|ARM
		{07AB44D9-8F18-4FFD-A9E7-25561ACC020A}.Ad-Hoc|ARM.Deploy.0 = Release|ARM
		{07AB44D9-8F18-4FFD-A9E7-25561ACC020A}.Ad-Hoc|iPhone.ActiveCfg = Release|Any CPU
		{07AB44D9-8F18-4FFD-A9E7-25561ACC020A}.Ad-Hoc|iPhone.Build.0 = Release|Any CPU
		{07AB44D9-8F18-4FFD-A9E7-25561ACC020A}.Ad-Hoc|iPhone.Deploy.0 = Release|Any CPU
		{07AB44D9-8F18-4FFD-A9E7-25561ACC020A}.Ad-Hoc|iPhoneSimulator.ActiveCfg = Release|Any CPU
		{07AB44D9-8F18-4FFD-A9E7-25561ACC020A}.Ad-Hoc|iPhoneSimulator.Build.0 = Release|Any CPU
		{07AB44D9-8F18-4FFD-A9E7-25561ACC020A}.Ad-Hoc|iPhoneSimulator.Deploy.0 = Release|Any CPU
		{07AB44D9-8F18-4FFD-A9E7-25561ACC020A}.Ad-Hoc|x64.ActiveCfg = Release|Any CPU
		{07AB44D9-8F18-4FFD-A9E7-25561ACC020A}.Ad-Hoc|x64.Build.0 = Release|Any CPU
		{07AB44D9-8F18-4FFD-A9E7-25561ACC020A}.Ad-Hoc|x64.Deploy.0 = Release|Any CPU
		{07AB44D9-8F18-4FFD-A9E7-25561ACC020A}.Ad-Hoc|x86.ActiveCfg = Release|x86
		{07AB44D9-8F18-4FFD-A9E7-25561ACC020A}.Ad-Hoc|x86.Build.0 = Release|x86
		{07AB44D9-8F18-4FFD-A9E7-25561ACC020A}.Ad-Hoc|x86.Deploy.0 = Release|x86
		{07AB44D9-8F18-4FFD-A9E7-25561ACC020A}.AppStore|Any CPU.ActiveCfg = Release|Any CPU
		{07AB44D9-8F18-4FFD-A9E7-25561ACC020A}.AppStore|Any CPU.Build.0 = Release|Any CPU
		{07AB44D9-8F18-4FFD-A9E7-25561ACC020A}.AppStore|Any CPU.Deploy.0 = Release|Any CPU
		{07AB44D9-8F18-4FFD-A9E7-25561ACC020A}.AppStore|ARM.ActiveCfg = Release|ARM
		{07AB44D9-8F18-4FFD-A9E7-25561ACC020A}.AppStore|ARM.Build.0 = Release|ARM
		{07AB44D9-8F18-4FFD-A9E7-25561ACC020A}.AppStore|ARM.Deploy.0 = Release|ARM
		{07AB44D9-8F18-4FFD-A9E7-25561ACC020A}.AppStore|iPhone.ActiveCfg = Release|Any CPU
		{07AB44D9-8F18-4FFD-A9E7-25561ACC020A}.AppStore|iPhone.Build.0 = Release|Any CPU
		{07AB44D9-8F18-4FFD-A9E7-25561ACC020A}.AppStore|iPhone.Deploy.0 = Release|Any CPU
		{07AB44D9-8F18-4FFD-A9E7-25561ACC020A}.AppStore|iPhoneSimulator.ActiveCfg = Release|Any CPU
		{07AB44D9-8F18-4FFD-A9E7-25561ACC020A}.AppStore|iPhoneSimulator.Build.0 = Release|Any CPU
		{07AB44D9-8F18-4FFD-A9E7-25561ACC020A}.AppStore|iPhoneSimulator.Deploy.0 = Release|Any CPU
		{07AB44D9-8F18-4FFD-A9E7-25561ACC020A}.AppStore|x64.ActiveCfg = Release|Any CPU
		{07AB44D9-8F18-4FFD-A9E7-25561ACC020A}.AppStore|x64.Build.0 = Release|Any CPU
		{07AB44D9-8F18-4FFD-A9E7-25561ACC020A}.AppStore|x64.Deploy.0 = Release|Any CPU
		{07AB44D9-8F18-4FFD-A9E7-25561ACC020A}.AppStore|x86.ActiveCfg = Release|x86
		{07AB44D9-8F18-4FFD-A9E7-25561ACC020A}.AppStore|x86.Build.0 = Release|x86
		{07AB44D9-8F18-4FFD-A9E7-25561ACC020A}.AppStore|x86.Deploy.0 = Release|x86
		{07AB44D9-8F18-4FFD-A9E7-25561ACC020A}.Debug|Any CPU.ActiveCfg = Debug|Any CPU
		{07AB44D9-8F18-4FFD-A9E7-25561ACC020A}.Debug|Any CPU.Build.0 = Debug|Any CPU
		{07AB44D9-8F18-4FFD-A9E7-25561ACC020A}.Debug|Any CPU.Deploy.0 = Debug|Any CPU
		{07AB44D9-8F18-4FFD-A9E7-25561ACC020A}.Debug|ARM.ActiveCfg = Debug|ARM
		{07AB44D9-8F18-4FFD-A9E7-25561ACC020A}.Debug|ARM.Build.0 = Debug|ARM
		{07AB44D9-8F18-4FFD-A9E7-25561ACC020A}.Debug|ARM.Deploy.0 = Debug|ARM
		{07AB44D9-8F18-4FFD-A9E7-25561ACC020A}.Debug|iPhone.ActiveCfg = Debug|Any CPU
		{07AB44D9-8F18-4FFD-A9E7-25561ACC020A}.Debug|iPhone.Build.0 = Debug|Any CPU
		{07AB44D9-8F18-4FFD-A9E7-25561ACC020A}.Debug|iPhone.Deploy.0 = Debug|Any CPU
		{07AB44D9-8F18-4FFD-A9E7-25561ACC020A}.Debug|iPhoneSimulator.ActiveCfg = Debug|Any CPU
		{07AB44D9-8F18-4FFD-A9E7-25561ACC020A}.Debug|iPhoneSimulator.Build.0 = Debug|Any CPU
		{07AB44D9-8F18-4FFD-A9E7-25561ACC020A}.Debug|iPhoneSimulator.Deploy.0 = Debug|Any CPU
		{07AB44D9-8F18-4FFD-A9E7-25561ACC020A}.Debug|x64.ActiveCfg = Debug|Any CPU
		{07AB44D9-8F18-4FFD-A9E7-25561ACC020A}.Debug|x64.Build.0 = Debug|Any CPU
		{07AB44D9-8F18-4FFD-A9E7-25561ACC020A}.Debug|x64.Deploy.0 = Debug|Any CPU
		{07AB44D9-8F18-4FFD-A9E7-25561ACC020A}.Debug|x86.ActiveCfg = Debug|x86
		{07AB44D9-8F18-4FFD-A9E7-25561ACC020A}.Debug|x86.Build.0 = Debug|x86
		{07AB44D9-8F18-4FFD-A9E7-25561ACC020A}.Debug|x86.Deploy.0 = Debug|x86
		{07AB44D9-8F18-4FFD-A9E7-25561ACC020A}.Release|Any CPU.ActiveCfg = Release|Any CPU
		{07AB44D9-8F18-4FFD-A9E7-25561ACC020A}.Release|Any CPU.Build.0 = Release|Any CPU
		{07AB44D9-8F18-4FFD-A9E7-25561ACC020A}.Release|Any CPU.Deploy.0 = Release|Any CPU
		{07AB44D9-8F18-4FFD-A9E7-25561ACC020A}.Release|ARM.ActiveCfg = Release|ARM
		{07AB44D9-8F18-4FFD-A9E7-25561ACC020A}.Release|ARM.Build.0 = Release|ARM
		{07AB44D9-8F18-4FFD-A9E7-25561ACC020A}.Release|ARM.Deploy.0 = Release|ARM
		{07AB44D9-8F18-4FFD-A9E7-25561ACC020A}.Release|iPhone.ActiveCfg = Release|Any CPU
		{07AB44D9-8F18-4FFD-A9E7-25561ACC020A}.Release|iPhone.Build.0 = Release|Any CPU
		{07AB44D9-8F18-4FFD-A9E7-25561ACC020A}.Release|iPhone.Deploy.0 = Release|Any CPU
		{07AB44D9-8F18-4FFD-A9E7-25561ACC020A}.Release|iPhoneSimulator.ActiveCfg = Release|Any CPU
		{07AB44D9-8F18-4FFD-A9E7-25561ACC020A}.Release|iPhoneSimulator.Build.0 = Release|Any CPU
		{07AB44D9-8F18-4FFD-A9E7-25561ACC020A}.Release|iPhoneSimulator.Deploy.0 = Release|Any CPU
		{07AB44D9-8F18-4FFD-A9E7-25561ACC020A}.Release|x64.ActiveCfg = Release|Any CPU
		{07AB44D9-8F18-4FFD-A9E7-25561ACC020A}.Release|x64.Build.0 = Release|Any CPU
		{07AB44D9-8F18-4FFD-A9E7-25561ACC020A}.Release|x64.Deploy.0 = Release|Any CPU
		{07AB44D9-8F18-4FFD-A9E7-25561ACC020A}.Release|x86.ActiveCfg = Release|x86
		{07AB44D9-8F18-4FFD-A9E7-25561ACC020A}.Release|x86.Build.0 = Release|x86
		{07AB44D9-8F18-4FFD-A9E7-25561ACC020A}.Release|x86.Deploy.0 = Release|x86
		{A4A2A9C8-33F8-409E-9CA8-A3AF3C4E1ECB}.Ad-Hoc|Any CPU.ActiveCfg = Release|x86
		{A4A2A9C8-33F8-409E-9CA8-A3AF3C4E1ECB}.Ad-Hoc|Any CPU.Build.0 = Release|x86
		{A4A2A9C8-33F8-409E-9CA8-A3AF3C4E1ECB}.Ad-Hoc|Any CPU.Deploy.0 = Release|x86
		{A4A2A9C8-33F8-409E-9CA8-A3AF3C4E1ECB}.Ad-Hoc|ARM.ActiveCfg = Release|ARM
		{A4A2A9C8-33F8-409E-9CA8-A3AF3C4E1ECB}.Ad-Hoc|ARM.Build.0 = Release|ARM
		{A4A2A9C8-33F8-409E-9CA8-A3AF3C4E1ECB}.Ad-Hoc|ARM.Deploy.0 = Release|ARM
		{A4A2A9C8-33F8-409E-9CA8-A3AF3C4E1ECB}.Ad-Hoc|iPhone.ActiveCfg = Release|x86
		{A4A2A9C8-33F8-409E-9CA8-A3AF3C4E1ECB}.Ad-Hoc|iPhone.Build.0 = Release|x86
		{A4A2A9C8-33F8-409E-9CA8-A3AF3C4E1ECB}.Ad-Hoc|iPhone.Deploy.0 = Release|x86
		{A4A2A9C8-33F8-409E-9CA8-A3AF3C4E1ECB}.Ad-Hoc|iPhoneSimulator.ActiveCfg = Release|x86
		{A4A2A9C8-33F8-409E-9CA8-A3AF3C4E1ECB}.Ad-Hoc|iPhoneSimulator.Build.0 = Release|x86
		{A4A2A9C8-33F8-409E-9CA8-A3AF3C4E1ECB}.Ad-Hoc|iPhoneSimulator.Deploy.0 = Release|x86
		{A4A2A9C8-33F8-409E-9CA8-A3AF3C4E1ECB}.Ad-Hoc|x64.ActiveCfg = Release|x64
		{A4A2A9C8-33F8-409E-9CA8-A3AF3C4E1ECB}.Ad-Hoc|x64.Build.0 = Release|x64
		{A4A2A9C8-33F8-409E-9CA8-A3AF3C4E1ECB}.Ad-Hoc|x64.Deploy.0 = Release|x64
		{A4A2A9C8-33F8-409E-9CA8-A3AF3C4E1ECB}.Ad-Hoc|x86.ActiveCfg = Release|x86
		{A4A2A9C8-33F8-409E-9CA8-A3AF3C4E1ECB}.Ad-Hoc|x86.Build.0 = Release|x86
		{A4A2A9C8-33F8-409E-9CA8-A3AF3C4E1ECB}.Ad-Hoc|x86.Deploy.0 = Release|x86
		{A4A2A9C8-33F8-409E-9CA8-A3AF3C4E1ECB}.AppStore|Any CPU.ActiveCfg = Release|x86
		{A4A2A9C8-33F8-409E-9CA8-A3AF3C4E1ECB}.AppStore|Any CPU.Build.0 = Release|x86
		{A4A2A9C8-33F8-409E-9CA8-A3AF3C4E1ECB}.AppStore|Any CPU.Deploy.0 = Release|x86
		{A4A2A9C8-33F8-409E-9CA8-A3AF3C4E1ECB}.AppStore|ARM.ActiveCfg = Release|ARM
		{A4A2A9C8-33F8-409E-9CA8-A3AF3C4E1ECB}.AppStore|ARM.Build.0 = Release|ARM
		{A4A2A9C8-33F8-409E-9CA8-A3AF3C4E1ECB}.AppStore|ARM.Deploy.0 = Release|ARM
		{A4A2A9C8-33F8-409E-9CA8-A3AF3C4E1ECB}.AppStore|iPhone.ActiveCfg = Release|x86
		{A4A2A9C8-33F8-409E-9CA8-A3AF3C4E1ECB}.AppStore|iPhone.Build.0 = Release|x86
		{A4A2A9C8-33F8-409E-9CA8-A3AF3C4E1ECB}.AppStore|iPhone.Deploy.0 = Release|x86
		{A4A2A9C8-33F8-409E-9CA8-A3AF3C4E1ECB}.AppStore|iPhoneSimulator.ActiveCfg = Release|x86
		{A4A2A9C8-33F8-409E-9CA8-A3AF3C4E1ECB}.AppStore|iPhoneSimulator.Build.0 = Release|x86
		{A4A2A9C8-33F8-409E-9CA8-A3AF3C4E1ECB}.AppStore|iPhoneSimulator.Deploy.0 = Release|x86
		{A4A2A9C8-33F8-409E-9CA8-A3AF3C4E1ECB}.AppStore|x64.ActiveCfg = Release|x64
		{A4A2A9C8-33F8-409E-9CA8-A3AF3C4E1ECB}.AppStore|x64.Build.0 = Release|x64
		{A4A2A9C8-33F8-409E-9CA8-A3AF3C4E1ECB}.AppStore|x64.Deploy.0 = Release|x64
		{A4A2A9C8-33F8-409E-9CA8-A3AF3C4E1ECB}.AppStore|x86.ActiveCfg = Release|x86
		{A4A2A9C8-33F8-409E-9CA8-A3AF3C4E1ECB}.AppStore|x86.Build.0 = Release|x86
		{A4A2A9C8-33F8-409E-9CA8-A3AF3C4E1ECB}.AppStore|x86.Deploy.0 = Release|x86
		{A4A2A9C8-33F8-409E-9CA8-A3AF3C4E1ECB}.Debug|Any CPU.ActiveCfg = Debug|x86
		{A4A2A9C8-33F8-409E-9CA8-A3AF3C4E1ECB}.Debug|ARM.ActiveCfg = Debug|ARM
		{A4A2A9C8-33F8-409E-9CA8-A3AF3C4E1ECB}.Debug|ARM.Build.0 = Debug|ARM
		{A4A2A9C8-33F8-409E-9CA8-A3AF3C4E1ECB}.Debug|ARM.Deploy.0 = Debug|ARM
		{A4A2A9C8-33F8-409E-9CA8-A3AF3C4E1ECB}.Debug|iPhone.ActiveCfg = Debug|x86
		{A4A2A9C8-33F8-409E-9CA8-A3AF3C4E1ECB}.Debug|iPhoneSimulator.ActiveCfg = Debug|x86
		{A4A2A9C8-33F8-409E-9CA8-A3AF3C4E1ECB}.Debug|x64.ActiveCfg = Debug|x64
		{A4A2A9C8-33F8-409E-9CA8-A3AF3C4E1ECB}.Debug|x64.Build.0 = Debug|x64
		{A4A2A9C8-33F8-409E-9CA8-A3AF3C4E1ECB}.Debug|x64.Deploy.0 = Debug|x64
		{A4A2A9C8-33F8-409E-9CA8-A3AF3C4E1ECB}.Debug|x86.ActiveCfg = Debug|x86
		{A4A2A9C8-33F8-409E-9CA8-A3AF3C4E1ECB}.Debug|x86.Build.0 = Debug|x86
		{A4A2A9C8-33F8-409E-9CA8-A3AF3C4E1ECB}.Debug|x86.Deploy.0 = Debug|x86
		{A4A2A9C8-33F8-409E-9CA8-A3AF3C4E1ECB}.Release|Any CPU.ActiveCfg = Release|x86
		{A4A2A9C8-33F8-409E-9CA8-A3AF3C4E1ECB}.Release|ARM.ActiveCfg = Release|ARM
		{A4A2A9C8-33F8-409E-9CA8-A3AF3C4E1ECB}.Release|ARM.Build.0 = Release|ARM
		{A4A2A9C8-33F8-409E-9CA8-A3AF3C4E1ECB}.Release|ARM.Deploy.0 = Release|ARM
		{A4A2A9C8-33F8-409E-9CA8-A3AF3C4E1ECB}.Release|iPhone.ActiveCfg = Release|x86
		{A4A2A9C8-33F8-409E-9CA8-A3AF3C4E1ECB}.Release|iPhoneSimulator.ActiveCfg = Release|x86
		{A4A2A9C8-33F8-409E-9CA8-A3AF3C4E1ECB}.Release|x64.ActiveCfg = Release|x64
		{A4A2A9C8-33F8-409E-9CA8-A3AF3C4E1ECB}.Release|x64.Build.0 = Release|x64
		{A4A2A9C8-33F8-409E-9CA8-A3AF3C4E1ECB}.Release|x64.Deploy.0 = Release|x64
		{A4A2A9C8-33F8-409E-9CA8-A3AF3C4E1ECB}.Release|x86.ActiveCfg = Release|x86
		{A4A2A9C8-33F8-409E-9CA8-A3AF3C4E1ECB}.Release|x86.Build.0 = Release|x86
		{A4A2A9C8-33F8-409E-9CA8-A3AF3C4E1ECB}.Release|x86.Deploy.0 = Release|x86
		{18E8B50C-48F0-45A2-8DD3-BF281F96E32A}.Ad-Hoc|Any CPU.ActiveCfg = Release|Any CPU
		{18E8B50C-48F0-45A2-8DD3-BF281F96E32A}.Ad-Hoc|Any CPU.Build.0 = Release|Any CPU
		{18E8B50C-48F0-45A2-8DD3-BF281F96E32A}.Ad-Hoc|Any CPU.Deploy.0 = Release|Any CPU
		{18E8B50C-48F0-45A2-8DD3-BF281F96E32A}.Ad-Hoc|ARM.ActiveCfg = Release|ARM
		{18E8B50C-48F0-45A2-8DD3-BF281F96E32A}.Ad-Hoc|ARM.Build.0 = Release|ARM
		{18E8B50C-48F0-45A2-8DD3-BF281F96E32A}.Ad-Hoc|ARM.Deploy.0 = Release|ARM
		{18E8B50C-48F0-45A2-8DD3-BF281F96E32A}.Ad-Hoc|iPhone.ActiveCfg = Release|Any CPU
		{18E8B50C-48F0-45A2-8DD3-BF281F96E32A}.Ad-Hoc|iPhone.Build.0 = Release|Any CPU
		{18E8B50C-48F0-45A2-8DD3-BF281F96E32A}.Ad-Hoc|iPhone.Deploy.0 = Release|Any CPU
		{18E8B50C-48F0-45A2-8DD3-BF281F96E32A}.Ad-Hoc|iPhoneSimulator.ActiveCfg = Release|Any CPU
		{18E8B50C-48F0-45A2-8DD3-BF281F96E32A}.Ad-Hoc|iPhoneSimulator.Build.0 = Release|Any CPU
		{18E8B50C-48F0-45A2-8DD3-BF281F96E32A}.Ad-Hoc|iPhoneSimulator.Deploy.0 = Release|Any CPU
		{18E8B50C-48F0-45A2-8DD3-BF281F96E32A}.Ad-Hoc|x64.ActiveCfg = Release|x64
		{18E8B50C-48F0-45A2-8DD3-BF281F96E32A}.Ad-Hoc|x64.Build.0 = Release|x64
		{18E8B50C-48F0-45A2-8DD3-BF281F96E32A}.Ad-Hoc|x64.Deploy.0 = Release|x64
		{18E8B50C-48F0-45A2-8DD3-BF281F96E32A}.Ad-Hoc|x86.ActiveCfg = Release|x86
		{18E8B50C-48F0-45A2-8DD3-BF281F96E32A}.Ad-Hoc|x86.Build.0 = Release|x86
		{18E8B50C-48F0-45A2-8DD3-BF281F96E32A}.Ad-Hoc|x86.Deploy.0 = Release|x86
		{18E8B50C-48F0-45A2-8DD3-BF281F96E32A}.AppStore|Any CPU.ActiveCfg = Release|Any CPU
		{18E8B50C-48F0-45A2-8DD3-BF281F96E32A}.AppStore|Any CPU.Build.0 = Release|Any CPU
		{18E8B50C-48F0-45A2-8DD3-BF281F96E32A}.AppStore|Any CPU.Deploy.0 = Release|Any CPU
		{18E8B50C-48F0-45A2-8DD3-BF281F96E32A}.AppStore|ARM.ActiveCfg = Release|ARM
		{18E8B50C-48F0-45A2-8DD3-BF281F96E32A}.AppStore|ARM.Build.0 = Release|ARM
		{18E8B50C-48F0-45A2-8DD3-BF281F96E32A}.AppStore|ARM.Deploy.0 = Release|ARM
		{18E8B50C-48F0-45A2-8DD3-BF281F96E32A}.AppStore|iPhone.ActiveCfg = Release|Any CPU
		{18E8B50C-48F0-45A2-8DD3-BF281F96E32A}.AppStore|iPhone.Build.0 = Release|Any CPU
		{18E8B50C-48F0-45A2-8DD3-BF281F96E32A}.AppStore|iPhone.Deploy.0 = Release|Any CPU
		{18E8B50C-48F0-45A2-8DD3-BF281F96E32A}.AppStore|iPhoneSimulator.ActiveCfg = Release|Any CPU
		{18E8B50C-48F0-45A2-8DD3-BF281F96E32A}.AppStore|iPhoneSimulator.Build.0 = Release|Any CPU
		{18E8B50C-48F0-45A2-8DD3-BF281F96E32A}.AppStore|iPhoneSimulator.Deploy.0 = Release|Any CPU
		{18E8B50C-48F0-45A2-8DD3-BF281F96E32A}.AppStore|x64.ActiveCfg = Release|x64
		{18E8B50C-48F0-45A2-8DD3-BF281F96E32A}.AppStore|x64.Build.0 = Release|x64
		{18E8B50C-48F0-45A2-8DD3-BF281F96E32A}.AppStore|x64.Deploy.0 = Release|x64
		{18E8B50C-48F0-45A2-8DD3-BF281F96E32A}.AppStore|x86.ActiveCfg = Release|x86
		{18E8B50C-48F0-45A2-8DD3-BF281F96E32A}.AppStore|x86.Build.0 = Release|x86
		{18E8B50C-48F0-45A2-8DD3-BF281F96E32A}.AppStore|x86.Deploy.0 = Release|x86
		{18E8B50C-48F0-45A2-8DD3-BF281F96E32A}.Debug|Any CPU.ActiveCfg = Debug|Any CPU
		{18E8B50C-48F0-45A2-8DD3-BF281F96E32A}.Debug|Any CPU.Build.0 = Debug|Any CPU
		{18E8B50C-48F0-45A2-8DD3-BF281F96E32A}.Debug|Any CPU.Deploy.0 = Debug|Any CPU
		{18E8B50C-48F0-45A2-8DD3-BF281F96E32A}.Debug|ARM.ActiveCfg = Debug|ARM
		{18E8B50C-48F0-45A2-8DD3-BF281F96E32A}.Debug|ARM.Build.0 = Debug|ARM
		{18E8B50C-48F0-45A2-8DD3-BF281F96E32A}.Debug|ARM.Deploy.0 = Debug|ARM
		{18E8B50C-48F0-45A2-8DD3-BF281F96E32A}.Debug|iPhone.ActiveCfg = Debug|Any CPU
		{18E8B50C-48F0-45A2-8DD3-BF281F96E32A}.Debug|iPhone.Build.0 = Debug|Any CPU
		{18E8B50C-48F0-45A2-8DD3-BF281F96E32A}.Debug|iPhone.Deploy.0 = Debug|Any CPU
		{18E8B50C-48F0-45A2-8DD3-BF281F96E32A}.Debug|iPhoneSimulator.ActiveCfg = Debug|Any CPU
		{18E8B50C-48F0-45A2-8DD3-BF281F96E32A}.Debug|iPhoneSimulator.Build.0 = Debug|Any CPU
		{18E8B50C-48F0-45A2-8DD3-BF281F96E32A}.Debug|iPhoneSimulator.Deploy.0 = Debug|Any CPU
		{18E8B50C-48F0-45A2-8DD3-BF281F96E32A}.Debug|x64.ActiveCfg = Debug|x64
		{18E8B50C-48F0-45A2-8DD3-BF281F96E32A}.Debug|x64.Build.0 = Debug|x64
		{18E8B50C-48F0-45A2-8DD3-BF281F96E32A}.Debug|x64.Deploy.0 = Debug|x64
		{18E8B50C-48F0-45A2-8DD3-BF281F96E32A}.Debug|x86.ActiveCfg = Debug|x86
		{18E8B50C-48F0-45A2-8DD3-BF281F96E32A}.Debug|x86.Build.0 = Debug|x86
		{18E8B50C-48F0-45A2-8DD3-BF281F96E32A}.Debug|x86.Deploy.0 = Debug|x86
		{18E8B50C-48F0-45A2-8DD3-BF281F96E32A}.Release|Any CPU.ActiveCfg = Release|Any CPU
		{18E8B50C-48F0-45A2-8DD3-BF281F96E32A}.Release|Any CPU.Build.0 = Release|Any CPU
		{18E8B50C-48F0-45A2-8DD3-BF281F96E32A}.Release|Any CPU.Deploy.0 = Release|Any CPU
		{18E8B50C-48F0-45A2-8DD3-BF281F96E32A}.Release|ARM.ActiveCfg = Release|ARM
		{18E8B50C-48F0-45A2-8DD3-BF281F96E32A}.Release|ARM.Build.0 = Release|ARM
		{18E8B50C-48F0-45A2-8DD3-BF281F96E32A}.Release|ARM.Deploy.0 = Release|ARM
		{18E8B50C-48F0-45A2-8DD3-BF281F96E32A}.Release|iPhone.ActiveCfg = Release|Any CPU
		{18E8B50C-48F0-45A2-8DD3-BF281F96E32A}.Release|iPhone.Build.0 = Release|Any CPU
		{18E8B50C-48F0-45A2-8DD3-BF281F96E32A}.Release|iPhone.Deploy.0 = Release|Any CPU
		{18E8B50C-48F0-45A2-8DD3-BF281F96E32A}.Release|iPhoneSimulator.ActiveCfg = Release|Any CPU
		{18E8B50C-48F0-45A2-8DD3-BF281F96E32A}.Release|iPhoneSimulator.Build.0 = Release|Any CPU
		{18E8B50C-48F0-45A2-8DD3-BF281F96E32A}.Release|iPhoneSimulator.Deploy.0 = Release|Any CPU
		{18E8B50C-48F0-45A2-8DD3-BF281F96E32A}.Release|x64.ActiveCfg = Release|x64
		{18E8B50C-48F0-45A2-8DD3-BF281F96E32A}.Release|x64.Build.0 = Release|x64
		{18E8B50C-48F0-45A2-8DD3-BF281F96E32A}.Release|x64.Deploy.0 = Release|x64
		{18E8B50C-48F0-45A2-8DD3-BF281F96E32A}.Release|x86.ActiveCfg = Release|x86
		{18E8B50C-48F0-45A2-8DD3-BF281F96E32A}.Release|x86.Build.0 = Release|x86
		{18E8B50C-48F0-45A2-8DD3-BF281F96E32A}.Release|x86.Deploy.0 = Release|x86
		{5171D2EC-82ED-41AF-8909-2B14E22D24C0}.Ad-Hoc|Any CPU.ActiveCfg = Release|Any CPU
		{5171D2EC-82ED-41AF-8909-2B14E22D24C0}.Ad-Hoc|Any CPU.Build.0 = Release|Any CPU
		{5171D2EC-82ED-41AF-8909-2B14E22D24C0}.Ad-Hoc|ARM.ActiveCfg = Release|Any CPU
		{5171D2EC-82ED-41AF-8909-2B14E22D24C0}.Ad-Hoc|ARM.Build.0 = Release|Any CPU
		{5171D2EC-82ED-41AF-8909-2B14E22D24C0}.Ad-Hoc|iPhone.ActiveCfg = Release|Any CPU
		{5171D2EC-82ED-41AF-8909-2B14E22D24C0}.Ad-Hoc|iPhone.Build.0 = Release|Any CPU
		{5171D2EC-82ED-41AF-8909-2B14E22D24C0}.Ad-Hoc|iPhoneSimulator.ActiveCfg = Release|Any CPU
		{5171D2EC-82ED-41AF-8909-2B14E22D24C0}.Ad-Hoc|iPhoneSimulator.Build.0 = Release|Any CPU
		{5171D2EC-82ED-41AF-8909-2B14E22D24C0}.Ad-Hoc|x64.ActiveCfg = Release|Any CPU
		{5171D2EC-82ED-41AF-8909-2B14E22D24C0}.Ad-Hoc|x64.Build.0 = Release|Any CPU
		{5171D2EC-82ED-41AF-8909-2B14E22D24C0}.Ad-Hoc|x86.ActiveCfg = Release|Any CPU
		{5171D2EC-82ED-41AF-8909-2B14E22D24C0}.Ad-Hoc|x86.Build.0 = Release|Any CPU
		{5171D2EC-82ED-41AF-8909-2B14E22D24C0}.AppStore|Any CPU.ActiveCfg = Release|Any CPU
		{5171D2EC-82ED-41AF-8909-2B14E22D24C0}.AppStore|Any CPU.Build.0 = Release|Any CPU
		{5171D2EC-82ED-41AF-8909-2B14E22D24C0}.AppStore|ARM.ActiveCfg = Release|Any CPU
		{5171D2EC-82ED-41AF-8909-2B14E22D24C0}.AppStore|ARM.Build.0 = Release|Any CPU
		{5171D2EC-82ED-41AF-8909-2B14E22D24C0}.AppStore|iPhone.ActiveCfg = Release|Any CPU
		{5171D2EC-82ED-41AF-8909-2B14E22D24C0}.AppStore|iPhone.Build.0 = Release|Any CPU
		{5171D2EC-82ED-41AF-8909-2B14E22D24C0}.AppStore|iPhoneSimulator.ActiveCfg = Release|Any CPU
		{5171D2EC-82ED-41AF-8909-2B14E22D24C0}.AppStore|iPhoneSimulator.Build.0 = Release|Any CPU
		{5171D2EC-82ED-41AF-8909-2B14E22D24C0}.AppStore|x64.ActiveCfg = Release|Any CPU
		{5171D2EC-82ED-41AF-8909-2B14E22D24C0}.AppStore|x64.Build.0 = Release|Any CPU
		{5171D2EC-82ED-41AF-8909-2B14E22D24C0}.AppStore|x86.ActiveCfg = Release|Any CPU
		{5171D2EC-82ED-41AF-8909-2B14E22D24C0}.AppStore|x86.Build.0 = Release|Any CPU
		{5171D2EC-82ED-41AF-8909-2B14E22D24C0}.Debug|Any CPU.ActiveCfg = Debug|Any CPU
		{5171D2EC-82ED-41AF-8909-2B14E22D24C0}.Debug|Any CPU.Build.0 = Debug|Any CPU
		{5171D2EC-82ED-41AF-8909-2B14E22D24C0}.Debug|ARM.ActiveCfg = Debug|Any CPU
		{5171D2EC-82ED-41AF-8909-2B14E22D24C0}.Debug|ARM.Build.0 = Debug|Any CPU
		{5171D2EC-82ED-41AF-8909-2B14E22D24C0}.Debug|iPhone.ActiveCfg = Debug|Any CPU
		{5171D2EC-82ED-41AF-8909-2B14E22D24C0}.Debug|iPhone.Build.0 = Debug|Any CPU
		{5171D2EC-82ED-41AF-8909-2B14E22D24C0}.Debug|iPhoneSimulator.ActiveCfg = Debug|Any CPU
		{5171D2EC-82ED-41AF-8909-2B14E22D24C0}.Debug|iPhoneSimulator.Build.0 = Debug|Any CPU
		{5171D2EC-82ED-41AF-8909-2B14E22D24C0}.Debug|x64.ActiveCfg = Debug|Any CPU
		{5171D2EC-82ED-41AF-8909-2B14E22D24C0}.Debug|x64.Build.0 = Debug|Any CPU
		{5171D2EC-82ED-41AF-8909-2B14E22D24C0}.Debug|x86.ActiveCfg = Debug|Any CPU
		{5171D2EC-82ED-41AF-8909-2B14E22D24C0}.Debug|x86.Build.0 = Debug|Any CPU
		{5171D2EC-82ED-41AF-8909-2B14E22D24C0}.Release|Any CPU.ActiveCfg = Release|Any CPU
		{5171D2EC-82ED-41AF-8909-2B14E22D24C0}.Release|Any CPU.Build.0 = Release|Any CPU
		{5171D2EC-82ED-41AF-8909-2B14E22D24C0}.Release|ARM.ActiveCfg = Release|Any CPU
		{5171D2EC-82ED-41AF-8909-2B14E22D24C0}.Release|ARM.Build.0 = Release|Any CPU
		{5171D2EC-82ED-41AF-8909-2B14E22D24C0}.Release|iPhone.ActiveCfg = Release|Any CPU
		{5171D2EC-82ED-41AF-8909-2B14E22D24C0}.Release|iPhone.Build.0 = Release|Any CPU
		{5171D2EC-82ED-41AF-8909-2B14E22D24C0}.Release|iPhoneSimulator.ActiveCfg = Release|Any CPU
		{5171D2EC-82ED-41AF-8909-2B14E22D24C0}.Release|iPhoneSimulator.Build.0 = Release|Any CPU
		{5171D2EC-82ED-41AF-8909-2B14E22D24C0}.Release|x64.ActiveCfg = Release|Any CPU
		{5171D2EC-82ED-41AF-8909-2B14E22D24C0}.Release|x64.Build.0 = Release|Any CPU
		{5171D2EC-82ED-41AF-8909-2B14E22D24C0}.Release|x86.ActiveCfg = Release|Any CPU
		{5171D2EC-82ED-41AF-8909-2B14E22D24C0}.Release|x86.Build.0 = Release|Any CPU
	EndGlobalSection
	GlobalSection(SolutionProperties) = preSolution
		HideSolutionNode = FALSE
	EndGlobalSection
EndGlobal
